// !$*UTF8*$!
{
	archiveVersion = 1;
	classes = {
	};
	objectVersion = 56;
	objects = {

/* Begin PBXBuildFile section */
		8BEA96402C8EDC9100B413D8 /* AppDelegate.swift in Sources */ = {isa = PBXBuildFile; fileRef = 8BEA963F2C8EDC9100B413D8 /* AppDelegate.swift */; };
		8BEA96422C8EDC9100B413D8 /* SceneDelegate.swift in Sources */ = {isa = PBXBuildFile; fileRef = 8BEA96412C8EDC9100B413D8 /* SceneDelegate.swift */; };
		8BEA96442C8EDC9100B413D8 /* ViewController.swift in Sources */ = {isa = PBXBuildFile; fileRef = 8BEA96432C8EDC9100B413D8 /* ViewController.swift */; };
		8BEA96472C8EDC9100B413D8 /* Base in Resources */ = {isa = PBXBuildFile; fileRef = 8BEA96462C8EDC9100B413D8 /* Base */; };
		8BEA96492C8EDC9200B413D8 /* Assets.xcassets in Resources */ = {isa = PBXBuildFile; fileRef = 8BEA96482C8EDC9200B413D8 /* Assets.xcassets */; };
		8BEA964C2C8EDC9200B413D8 /* Base in Resources */ = {isa = PBXBuildFile; fileRef = 8BEA964B2C8EDC9200B413D8 /* Base */; };
		8BEA96572C8EDC9300B413D8 /* HelloIosTests.swift in Sources */ = {isa = PBXBuildFile; fileRef = 8BEA96562C8EDC9300B413D8 /* HelloIosTests.swift */; };
		8BEA96612C8EDC9300B413D8 /* HelloIosUITests.swift in Sources */ = {isa = PBXBuildFile; fileRef = 8BEA96602C8EDC9300B413D8 /* HelloIosUITests.swift */; };
		8BEA96632C8EDC9300B413D8 /* HelloIosUITestsLaunchTests.swift in Sources */ = {isa = PBXBuildFile; fileRef = 8BEA96622C8EDC9300B413D8 /* HelloIosUITestsLaunchTests.swift */; };
/* End PBXBuildFile section */

/* Begin PBXContainerItemProxy section */
		8BEA96532C8EDC9300B413D8 /* PBXContainerItemProxy */ = {
			isa = PBXContainerItemProxy;
			containerPortal = 8BEA96342C8EDC9100B413D8 /* Project object */;
			proxyType = 1;
			remoteGlobalIDString = 8BEA963B2C8EDC9100B413D8;
			remoteInfo = HelloIos;
		};
		8BEA965D2C8EDC9300B413D8 /* PBXContainerItemProxy */ = {
			isa = PBXContainerItemProxy;
			containerPortal = 8BEA96342C8EDC9100B413D8 /* Project object */;
			proxyType = 1;
			remoteGlobalIDString = 8BEA963B2C8EDC9100B413D8;
			remoteInfo = HelloIos;
		};
/* End PBXContainerItemProxy section */

/* Begin PBXFileReference section */
		8BEA963C2C8EDC9100B413D8 /* HelloIos.app */ = {isa = PBXFileReference; explicitFileType = wrapper.application; includeInIndex = 0; path = HelloIos.app; sourceTree = BUILT_PRODUCTS_DIR; };
		8BEA963F2C8EDC9100B413D8 /* AppDelegate.swift */ = {isa = PBXFileReference; lastKnownFileType = sourcecode.swift; path = AppDelegate.swift; sourceTree = "<group>"; };
		8BEA96412C8EDC9100B413D8 /* SceneDelegate.swift */ = {isa = PBXFileReference; lastKnownFileType = sourcecode.swift; path = SceneDelegate.swift; sourceTree = "<group>"; };
		8BEA96432C8EDC9100B413D8 /* ViewController.swift */ = {isa = PBXFileReference; lastKnownFileType = sourcecode.swift; path = ViewController.swift; sourceTree = "<group>"; };
		8BEA96462C8EDC9100B413D8 /* Base */ = {isa = PBXFileReference; lastKnownFileType = file.storyboard; name = Base; path = Base.lproj/Main.storyboard; sourceTree = "<group>"; };
		8BEA96482C8EDC9200B413D8 /* Assets.xcassets */ = {isa = PBXFileReference; lastKnownFileType = folder.assetcatalog; path = Assets.xcassets; sourceTree = "<group>"; };
		8BEA964B2C8EDC9200B413D8 /* Base */ = {isa = PBXFileReference; lastKnownFileType = file.storyboard; name = Base; path = Base.lproj/LaunchScreen.storyboard; sourceTree = "<group>"; };
		8BEA964D2C8EDC9200B413D8 /* Info.plist */ = {isa = PBXFileReference; lastKnownFileType = text.plist.xml; path = Info.plist; sourceTree = "<group>"; };
		8BEA96522C8EDC9300B413D8 /* HelloIosTests.xctest */ = {isa = PBXFileReference; explicitFileType = wrapper.cfbundle; includeInIndex = 0; path = HelloIosTests.xctest; sourceTree = BUILT_PRODUCTS_DIR; };
		8BEA96562C8EDC9300B413D8 /* HelloIosTests.swift */ = {isa = PBXFileReference; lastKnownFileType = sourcecode.swift; path = HelloIosTests.swift; sourceTree = "<group>"; };
		8BEA965C2C8EDC9300B413D8 /* HelloIosUITests.xctest */ = {isa = PBXFileReference; explicitFileType = wrapper.cfbundle; includeInIndex = 0; path = HelloIosUITests.xctest; sourceTree = BUILT_PRODUCTS_DIR; };
		8BEA96602C8EDC9300B413D8 /* HelloIosUITests.swift */ = {isa = PBXFileReference; lastKnownFileType = sourcecode.swift; path = HelloIosUITests.swift; sourceTree = "<group>"; };
		8BEA96622C8EDC9300B413D8 /* HelloIosUITestsLaunchTests.swift */ = {isa = PBXFileReference; lastKnownFileType = sourcecode.swift; path = HelloIosUITestsLaunchTests.swift; sourceTree = "<group>"; };
/* End PBXFileReference section */

/* Begin PBXFrameworksBuildPhase section */
		8BEA96392C8EDC9100B413D8 /* Frameworks */ = {
			isa = PBXFrameworksBuildPhase;
			buildActionMask = 2147483647;
			files = (
			);
			runOnlyForDeploymentPostprocessing = 0;
		};
		8BEA964F2C8EDC9300B413D8 /* Frameworks */ = {
			isa = PBXFrameworksBuildPhase;
			buildActionMask = 2147483647;
			files = (
			);
			runOnlyForDeploymentPostprocessing = 0;
		};
		8BEA96592C8EDC9300B413D8 /* Frameworks */ = {
			isa = PBXFrameworksBuildPhase;
			buildActionMask = 2147483647;
			files = (
			);
			runOnlyForDeploymentPostprocessing = 0;
		};
/* End PBXFrameworksBuildPhase section */

/* Begin PBXGroup section */
		8BEA96332C8EDC9100B413D8 = {
			isa = PBXGroup;
			children = (
				8BEA963E2C8EDC9100B413D8 /* HelloIos */,
				8BEA96552C8EDC9300B413D8 /* HelloIosTests */,
				8BEA965F2C8EDC9300B413D8 /* HelloIosUITests */,
				8BEA963D2C8EDC9100B413D8 /* Products */,
			);
			sourceTree = "<group>";
		};
		8BEA963D2C8EDC9100B413D8 /* Products */ = {
			isa = PBXGroup;
			children = (
				8BEA963C2C8EDC9100B413D8 /* HelloIos.app */,
				8BEA96522C8EDC9300B413D8 /* HelloIosTests.xctest */,
				8BEA965C2C8EDC9300B413D8 /* HelloIosUITests.xctest */,
			);
			name = Products;
			sourceTree = "<group>";
		};
		8BEA963E2C8EDC9100B413D8 /* HelloIos */ = {
			isa = PBXGroup;
			children = (
				8BEA963F2C8EDC9100B413D8 /* AppDelegate.swift */,
				8BEA96412C8EDC9100B413D8 /* SceneDelegate.swift */,
				8BEA96432C8EDC9100B413D8 /* ViewController.swift */,
				8BEA96452C8EDC9100B413D8 /* Main.storyboard */,
				8BEA96482C8EDC9200B413D8 /* Assets.xcassets */,
				8BEA964A2C8EDC9200B413D8 /* LaunchScreen.storyboard */,
				8BEA964D2C8EDC9200B413D8 /* Info.plist */,
			);
			path = HelloIos;
			sourceTree = "<group>";
		};
		8BEA96552C8EDC9300B413D8 /* HelloIosTests */ = {
			isa = PBXGroup;
			children = (
				8BEA96562C8EDC9300B413D8 /* HelloIosTests.swift */,
			);
			path = HelloIosTests;
			sourceTree = "<group>";
		};
		8BEA965F2C8EDC9300B413D8 /* HelloIosUITests */ = {
			isa = PBXGroup;
			children = (
				8BEA96602C8EDC9300B413D8 /* HelloIosUITests.swift */,
				8BEA96622C8EDC9300B413D8 /* HelloIosUITestsLaunchTests.swift */,
			);
			path = HelloIosUITests;
			sourceTree = "<group>";
		};
/* End PBXGroup section */

/* Begin PBXNativeTarget section */
		8BEA963B2C8EDC9100B413D8 /* HelloIos */ = {
			isa = PBXNativeTarget;
			buildConfigurationList = 8BEA96662C8EDC9300B413D8 /* Build configuration list for PBXNativeTarget "HelloIos" */;
			buildPhases = (
				8BEA96382C8EDC9100B413D8 /* Sources */,
				8BEA96392C8EDC9100B413D8 /* Frameworks */,
				8BEA963A2C8EDC9100B413D8 /* Resources */,
			);
			buildRules = (
			);
			dependencies = (
			);
			name = HelloIos;
			productName = HelloIos;
			productReference = 8BEA963C2C8EDC9100B413D8 /* HelloIos.app */;
			productType = "com.apple.product-type.application";
		};
		8BEA96512C8EDC9300B413D8 /* HelloIosTests */ = {
			isa = PBXNativeTarget;
			buildConfigurationList = 8BEA96692C8EDC9300B413D8 /* Build configuration list for PBXNativeTarget "HelloIosTests" */;
			buildPhases = (
				8BEA964E2C8EDC9300B413D8 /* Sources */,
				8BEA964F2C8EDC9300B413D8 /* Frameworks */,
				8BEA96502C8EDC9300B413D8 /* Resources */,
			);
			buildRules = (
			);
			dependencies = (
				8BEA96542C8EDC9300B413D8 /* PBXTargetDependency */,
			);
			name = HelloIosTests;
			productName = HelloIosTests;
			productReference = 8BEA96522C8EDC9300B413D8 /* HelloIosTests.xctest */;
			productType = "com.apple.product-type.bundle.unit-test";
		};
		8BEA965B2C8EDC9300B413D8 /* HelloIosUITests */ = {
			isa = PBXNativeTarget;
			buildConfigurationList = 8BEA966C2C8EDC9300B413D8 /* Build configuration list for PBXNativeTarget "HelloIosUITests" */;
			buildPhases = (
				8BEA96582C8EDC9300B413D8 /* Sources */,
				8BEA96592C8EDC9300B413D8 /* Frameworks */,
				8BEA965A2C8EDC9300B413D8 /* Resources */,
			);
			buildRules = (
			);
			dependencies = (
				8BEA965E2C8EDC9300B413D8 /* PBXTargetDependency */,
			);
			name = HelloIosUITests;
			productName = HelloIosUITests;
			productReference = 8BEA965C2C8EDC9300B413D8 /* HelloIosUITests.xctest */;
			productType = "com.apple.product-type.bundle.ui-testing";
		};
/* End PBXNativeTarget section */

/* Begin PBXProject section */
		8BEA96342C8EDC9100B413D8 /* Project object */ = {
			isa = PBXProject;
			attributes = {
				BuildIndependentTargetsInParallel = 1;
				LastSwiftUpdateCheck = 1540;
				LastUpgradeCheck = 1540;
				TargetAttributes = {
					8BEA963B2C8EDC9100B413D8 = {
						CreatedOnToolsVersion = 15.4;
					};
					8BEA96512C8EDC9300B413D8 = {
						CreatedOnToolsVersion = 15.4;
						TestTargetID = 8BEA963B2C8EDC9100B413D8;
					};
					8BEA965B2C8EDC9300B413D8 = {
						CreatedOnToolsVersion = 15.4;
						TestTargetID = 8BEA963B2C8EDC9100B413D8;
					};
				};
			};
			buildConfigurationList = 8BEA96372C8EDC9100B413D8 /* Build configuration list for PBXProject "HelloIos" */;
			compatibilityVersion = "Xcode 14.0";
			developmentRegion = en;
			hasScannedForEncodings = 0;
			knownRegions = (
				en,
				Base,
			);
			mainGroup = 8BEA96332C8EDC9100B413D8;
			productRefGroup = 8BEA963D2C8EDC9100B413D8 /* Products */;
			projectDirPath = "";
			projectRoot = "";
			targets = (
				8BEA963B2C8EDC9100B413D8 /* HelloIos */,
				8BEA96512C8EDC9300B413D8 /* HelloIosTests */,
				8BEA965B2C8EDC9300B413D8 /* HelloIosUITests */,
			);
		};
/* End PBXProject section */

/* Begin PBXResourcesBuildPhase section */
		8BEA963A2C8EDC9100B413D8 /* Resources */ = {
			isa = PBXResourcesBuildPhase;
			buildActionMask = 2147483647;
			files = (
				8BEA96492C8EDC9200B413D8 /* Assets.xcassets in Resources */,
				8BEA964C2C8EDC9200B413D8 /* Base in Resources */,
				8BEA96472C8EDC9100B413D8 /* Base in Resources */,
			);
			runOnlyForDeploymentPostprocessing = 0;
		};
		8BEA96502C8EDC9300B413D8 /* Resources */ = {
			isa = PBXResourcesBuildPhase;
			buildActionMask = 2147483647;
			files = (
			);
			runOnlyForDeploymentPostprocessing = 0;
		};
		8BEA965A2C8EDC9300B413D8 /* Resources */ = {
			isa = PBXResourcesBuildPhase;
			buildActionMask = 2147483647;
			files = (
			);
			runOnlyForDeploymentPostprocessing = 0;
		};
/* End PBXResourcesBuildPhase section */

/* Begin PBXSourcesBuildPhase section */
		8BEA96382C8EDC9100B413D8 /* Sources */ = {
			isa = PBXSourcesBuildPhase;
			buildActionMask = 2147483647;
			files = (
				8BEA96442C8EDC9100B413D8 /* ViewController.swift in Sources */,
				8BEA96402C8EDC9100B413D8 /* AppDelegate.swift in Sources */,
				8BEA96422C8EDC9100B413D8 /* SceneDelegate.swift in Sources */,
			);
			runOnlyForDeploymentPostprocessing = 0;
		};
		8BEA964E2C8EDC9300B413D8 /* Sources */ = {
			isa = PBXSourcesBuildPhase;
			buildActionMask = 2147483647;
			files = (
				8BEA96572C8EDC9300B413D8 /* HelloIosTests.swift in Sources */,
			);
			runOnlyForDeploymentPostprocessing = 0;
		};
		8BEA96582C8EDC9300B413D8 /* Sources */ = {
			isa = PBXSourcesBuildPhase;
			buildActionMask = 2147483647;
			files = (
				8BEA96632C8EDC9300B413D8 /* HelloIosUITestsLaunchTests.swift in Sources */,
				8BEA96612C8EDC9300B413D8 /* HelloIosUITests.swift in Sources */,
			);
			runOnlyForDeploymentPostprocessing = 0;
		};
/* End PBXSourcesBuildPhase section */

/* Begin PBXTargetDependency section */
		8BEA96542C8EDC9300B413D8 /* PBXTargetDependency */ = {
			isa = PBXTargetDependency;
			target = 8BEA963B2C8EDC9100B413D8 /* HelloIos */;
			targetProxy = 8BEA96532C8EDC9300B413D8 /* PBXContainerItemProxy */;
		};
		8BEA965E2C8EDC9300B413D8 /* PBXTargetDependency */ = {
			isa = PBXTargetDependency;
			target = 8BEA963B2C8EDC9100B413D8 /* HelloIos */;
			targetProxy = 8BEA965D2C8EDC9300B413D8 /* PBXContainerItemProxy */;
		};
/* End PBXTargetDependency section */

/* Begin PBXVariantGroup section */
		8BEA96452C8EDC9100B413D8 /* Main.storyboard */ = {
			isa = PBXVariantGroup;
			children = (
				8BEA96462C8EDC9100B413D8 /* Base */,
			);
			name = Main.storyboard;
			sourceTree = "<group>";
		};
		8BEA964A2C8EDC9200B413D8 /* LaunchScreen.storyboard */ = {
			isa = PBXVariantGroup;
			children = (
				8BEA964B2C8EDC9200B413D8 /* Base */,
			);
			name = LaunchScreen.storyboard;
			sourceTree = "<group>";
		};
/* End PBXVariantGroup section */

/* Begin XCBuildConfiguration section */
		8BEA96642C8EDC9300B413D8 /* Debug */ = {
			isa = XCBuildConfiguration;
			buildSettings = {
				ALWAYS_SEARCH_USER_PATHS = NO;
				ASSETCATALOG_COMPILER_GENERATE_SWIFT_ASSET_SYMBOL_EXTENSIONS = YES;
				CLANG_ANALYZER_NONNULL = YES;
				CLANG_ANALYZER_NUMBER_OBJECT_CONVERSION = YES_AGGRESSIVE;
				CLANG_CXX_LANGUAGE_STANDARD = "gnu++20";
				CLANG_ENABLE_MODULES = YES;
				CLANG_ENABLE_OBJC_ARC = YES;
				CLANG_ENABLE_OBJC_WEAK = YES;
				CLANG_WARN_BLOCK_CAPTURE_AUTORELEASING = YES;
				CLANG_WARN_BOOL_CONVERSION = YES;
				CLANG_WARN_COMMA = YES;
				CLANG_WARN_CONSTANT_CONVERSION = YES;
				CLANG_WARN_DEPRECATED_OBJC_IMPLEMENTATIONS = YES;
				CLANG_WARN_DIRECT_OBJC_ISA_USAGE = YES_ERROR;
				CLANG_WARN_DOCUMENTATION_COMMENTS = YES;
				CLANG_WARN_EMPTY_BODY = YES;
				CLANG_WARN_ENUM_CONVERSION = YES;
				CLANG_WARN_INFINITE_RECURSION = YES;
				CLANG_WARN_INT_CONVERSION = YES;
				CLANG_WARN_NON_LITERAL_NULL_CONVERSION = YES;
				CLANG_WARN_OBJC_IMPLICIT_RETAIN_SELF = YES;
				CLANG_WARN_OBJC_LITERAL_CONVERSION = YES;
				CLANG_WARN_OBJC_ROOT_CLASS = YES_ERROR;
				CLANG_WARN_QUOTED_INCLUDE_IN_FRAMEWORK_HEADER = YES;
				CLANG_WARN_RANGE_LOOP_ANALYSIS = YES;
				CLANG_WARN_STRICT_PROTOTYPES = YES;
				CLANG_WARN_SUSPICIOUS_MOVE = YES;
				CLANG_WARN_UNGUARDED_AVAILABILITY = YES_AGGRESSIVE;
				CLANG_WARN_UNREACHABLE_CODE = YES;
				CLANG_WARN__DUPLICATE_METHOD_MATCH = YES;
				COPY_PHASE_STRIP = NO;
				DEBUG_INFORMATION_FORMAT = dwarf;
				ENABLE_STRICT_OBJC_MSGSEND = YES;
				ENABLE_TESTABILITY = YES;
				ENABLE_USER_SCRIPT_SANDBOXING = YES;
				GCC_C_LANGUAGE_STANDARD = gnu17;
				GCC_DYNAMIC_NO_PIC = NO;
				GCC_NO_COMMON_BLOCKS = YES;
				GCC_OPTIMIZATION_LEVEL = 0;
				GCC_PREPROCESSOR_DEFINITIONS = (
					"DEBUG=1",
					"$(inherited)",
				);
				GCC_WARN_64_TO_32_BIT_CONVERSION = YES;
				GCC_WARN_ABOUT_RETURN_TYPE = YES_ERROR;
				GCC_WARN_UNDECLARED_SELECTOR = YES;
				GCC_WARN_UNINITIALIZED_AUTOS = YES_AGGRESSIVE;
				GCC_WARN_UNUSED_FUNCTION = YES;
				GCC_WARN_UNUSED_VARIABLE = YES;
				IPHONEOS_DEPLOYMENT_TARGET = 17.5;
				LOCALIZATION_PREFERS_STRING_CATALOGS = YES;
				MTL_ENABLE_DEBUG_INFO = INCLUDE_SOURCE;
				MTL_FAST_MATH = YES;
				ONLY_ACTIVE_ARCH = YES;
				SDKROOT = iphoneos;
				SWIFT_ACTIVE_COMPILATION_CONDITIONS = "DEBUG $(inherited)";
				SWIFT_OPTIMIZATION_LEVEL = "-Onone";
			};
			name = Debug;
		};
		8BEA96652C8EDC9300B413D8 /* Release */ = {
			isa = XCBuildConfiguration;
			buildSettings = {
				ALWAYS_SEARCH_USER_PATHS = NO;
				ASSETCATALOG_COMPILER_GENERATE_SWIFT_ASSET_SYMBOL_EXTENSIONS = YES;
				CLANG_ANALYZER_NONNULL = YES;
				CLANG_ANALYZER_NUMBER_OBJECT_CONVERSION = YES_AGGRESSIVE;
				CLANG_CXX_LANGUAGE_STANDARD = "gnu++20";
				CLANG_ENABLE_MODULES = YES;
				CLANG_ENABLE_OBJC_ARC = YES;
				CLANG_ENABLE_OBJC_WEAK = YES;
				CLANG_WARN_BLOCK_CAPTURE_AUTORELEASING = YES;
				CLANG_WARN_BOOL_CONVERSION = YES;
				CLANG_WARN_COMMA = YES;
				CLANG_WARN_CONSTANT_CONVERSION = YES;
				CLANG_WARN_DEPRECATED_OBJC_IMPLEMENTATIONS = YES;
				CLANG_WARN_DIRECT_OBJC_ISA_USAGE = YES_ERROR;
				CLANG_WARN_DOCUMENTATION_COMMENTS = YES;
				CLANG_WARN_EMPTY_BODY = YES;
				CLANG_WARN_ENUM_CONVERSION = YES;
				CLANG_WARN_INFINITE_RECURSION = YES;
				CLANG_WARN_INT_CONVERSION = YES;
				CLANG_WARN_NON_LITERAL_NULL_CONVERSION = YES;
				CLANG_WARN_OBJC_IMPLICIT_RETAIN_SELF = YES;
				CLANG_WARN_OBJC_LITERAL_CONVERSION = YES;
				CLANG_WARN_OBJC_ROOT_CLASS = YES_ERROR;
				CLANG_WARN_QUOTED_INCLUDE_IN_FRAMEWORK_HEADER = YES;
				CLANG_WARN_RANGE_LOOP_ANALYSIS = YES;
				CLANG_WARN_STRICT_PROTOTYPES = YES;
				CLANG_WARN_SUSPICIOUS_MOVE = YES;
				CLANG_WARN_UNGUARDED_AVAILABILITY = YES_AGGRESSIVE;
				CLANG_WARN_UNREACHABLE_CODE = YES;
				CLANG_WARN__DUPLICATE_METHOD_MATCH = YES;
				COPY_PHASE_STRIP = NO;
				DEBUG_INFORMATION_FORMAT = "dwarf-with-dsym";
				ENABLE_NS_ASSERTIONS = NO;
				ENABLE_STRICT_OBJC_MSGSEND = YES;
				ENABLE_USER_SCRIPT_SANDBOXING = YES;
				GCC_C_LANGUAGE_STANDARD = gnu17;
				GCC_NO_COMMON_BLOCKS = YES;
				GCC_WARN_64_TO_32_BIT_CONVERSION = YES;
				GCC_WARN_ABOUT_RETURN_TYPE = YES_ERROR;
				GCC_WARN_UNDECLARED_SELECTOR = YES;
				GCC_WARN_UNINITIALIZED_AUTOS = YES_AGGRESSIVE;
				GCC_WARN_UNUSED_FUNCTION = YES;
				GCC_WARN_UNUSED_VARIABLE = YES;
				IPHONEOS_DEPLOYMENT_TARGET = 17.5;
				LOCALIZATION_PREFERS_STRING_CATALOGS = YES;
				MTL_ENABLE_DEBUG_INFO = NO;
				MTL_FAST_MATH = YES;
				SDKROOT = iphoneos;
				SWIFT_COMPILATION_MODE = wholemodule;
				VALIDATE_PRODUCT = YES;
			};
			name = Release;
		};
		8BEA96672C8EDC9300B413D8 /* Debug */ = {
			isa = XCBuildConfiguration;
			buildSettings = {
				ASSETCATALOG_COMPILER_APPICON_NAME = AppIcon;
				ASSETCATALOG_COMPILER_GLOBAL_ACCENT_COLOR_NAME = AccentColor;
				CODE_SIGN_STYLE = Automatic;
				CURRENT_PROJECT_VERSION = 1;
				DEVELOPMENT_TEAM = 469334F7KQ;
				GENERATE_INFOPLIST_FILE = YES;
				INFOPLIST_FILE = HelloIos/Info.plist;
				INFOPLIST_KEY_UIApplicationSupportsIndirectInputEvents = YES;
				INFOPLIST_KEY_UILaunchStoryboardName = LaunchScreen;
				INFOPLIST_KEY_UIMainStoryboardFile = Main;
				INFOPLIST_KEY_UISupportedInterfaceOrientations_iPad = "UIInterfaceOrientationPortrait UIInterfaceOrientationPortraitUpsideDown UIInterfaceOrientationLandscapeLeft UIInterfaceOrientationLandscapeRight";
				INFOPLIST_KEY_UISupportedInterfaceOrientations_iPhone = "UIInterfaceOrientationPortrait UIInterfaceOrientationLandscapeLeft UIInterfaceOrientationLandscapeRight";
				LD_RUNPATH_SEARCH_PATHS = (
					"$(inherited)",
					"@executable_path/Frameworks",
				);
				MARKETING_VERSION = 1.0;
				PRODUCT_BUNDLE_IDENTIFIER = com.minjoon.HelloIos;
				PRODUCT_NAME = "$(TARGET_NAME)";
				SWIFT_EMIT_LOC_STRINGS = YES;
				SWIFT_VERSION = 5.0;
				TARGETED_DEVICE_FAMILY = "1,2";
			};
			name = Debug;
		};
		8BEA96682C8EDC9300B413D8 /* Release */ = {
			isa = XCBuildConfiguration;
			buildSettings = {
				ASSETCATALOG_COMPILER_APPICON_NAME = AppIcon;
				ASSETCATALOG_COMPILER_GLOBAL_ACCENT_COLOR_NAME = AccentColor;
				CODE_SIGN_STYLE = Automatic;
				CURRENT_PROJECT_VERSION = 1;
				DEVELOPMENT_TEAM = 469334F7KQ;
				GENERATE_INFOPLIST_FILE = YES;
				INFOPLIST_FILE = HelloIos/Info.plist;
				INFOPLIST_KEY_UIApplicationSupportsIndirectInputEvents = YES;
				INFOPLIST_KEY_UILaunchStoryboardName = LaunchScreen;
				INFOPLIST_KEY_UIMainStoryboardFile = Main;
				INFOPLIST_KEY_UISupportedInterfaceOrientations_iPad = "UIInterfaceOrientationPortrait UIInterfaceOrientationPortraitUpsideDown UIInterfaceOrientationLandscapeLeft UIInterfaceOrientationLandscapeRight";
				INFOPLIST_KEY_UISupportedInterfaceOrientations_iPhone = "UIInterfaceOrientationPortrait UIInterfaceOrientationLandscapeLeft UIInterfaceOrientationLandscapeRight";
				LD_RUNPATH_SEARCH_PATHS = (
					"$(inherited)",
					"@executable_path/Frameworks",
				);
				MARKETING_VERSION = 1.0;
				PRODUCT_BUNDLE_IDENTIFIER = com.minjoon.HelloIos;
				PRODUCT_NAME = "$(TARGET_NAME)";
				SWIFT_EMIT_LOC_STRINGS = YES;
				SWIFT_VERSION = 5.0;
				TARGETED_DEVICE_FAMILY = "1,2";
			};
			name = Release;
		};
		8BEA966A2C8EDC9300B413D8 /* Debug */ = {
			isa = XCBuildConfiguration;
			buildSettings = {
				ALWAYS_EMBED_SWIFT_STANDARD_LIBRARIES = YES;
				BUNDLE_LOADER = "$(TEST_HOST)";
				CODE_SIGN_STYLE = Automatic;
				CURRENT_PROJECT_VERSION = 1;
				DEVELOPMENT_TEAM = 469334F7KQ;
				GENERATE_INFOPLIST_FILE = YES;
				IPHONEOS_DEPLOYMENT_TARGET = 17.5;
				MARKETING_VERSION = 1.0;
				PRODUCT_BUNDLE_IDENTIFIER = com.minjoon.HelloIosTests;
				PRODUCT_NAME = "$(TARGET_NAME)";
				SWIFT_EMIT_LOC_STRINGS = NO;
				SWIFT_VERSION = 5.0;
				TARGETED_DEVICE_FAMILY = "1,2";
				TEST_HOST = "$(BUILT_PRODUCTS_DIR)/HelloIos.app/$(BUNDLE_EXECUTABLE_FOLDER_PATH)/HelloIos";
			};
			name = Debug;
		};
		8BEA966B2C8EDC9300B413D8 /* Release */ = {
			isa = XCBuildConfiguration;
			buildSettings = {
				ALWAYS_EMBED_SWIFT_STANDARD_LIBRARIES = YES;
				BUNDLE_LOADER = "$(TEST_HOST)";
				CODE_SIGN_STYLE = Automatic;
				CURRENT_PROJECT_VERSION = 1;
				DEVELOPMENT_TEAM = 469334F7KQ;
				GENERATE_INFOPLIST_FILE = YES;
				IPHONEOS_DEPLOYMENT_TARGET = 17.5;
				MARKETING_VERSION = 1.0;
				PRODUCT_BUNDLE_IDENTIFIER = com.minjoon.HelloIosTests;
				PRODUCT_NAME = "$(TARGET_NAME)";
				SWIFT_EMIT_LOC_STRINGS = NO;
				SWIFT_VERSION = 5.0;
				TARGETED_DEVICE_FAMILY = "1,2";
				TEST_HOST = "$(BUILT_PRODUCTS_DIR)/HelloIos.app/$(BUNDLE_EXECUTABLE_FOLDER_PATH)/HelloIos";
			};
			name = Release;
		};
		8BEA966D2C8EDC9300B413D8 /* Debug */ = {
			isa = XCBuildConfiguration;
			buildSettings = {
				ALWAYS_EMBED_SWIFT_STANDARD_LIBRARIES = YES;
				CODE_SIGN_STYLE = Automatic;
				CURRENT_PROJECT_VERSION = 1;
				DEVELOPMENT_TEAM = 469334F7KQ;
				GENERATE_INFOPLIST_FILE = YES;
				MARKETING_VERSION = 1.0;
				PRODUCT_BUNDLE_IDENTIFIER = com.minjoon.HelloIosUITests;
				PRODUCT_NAME = "$(TARGET_NAME)";
				SWIFT_EMIT_LOC_STRINGS = NO;
				SWIFT_VERSION = 5.0;
				TARGETED_DEVICE_FAMILY = "1,2";
				TEST_TARGET_NAME = HelloIos;
			};
			name = Debug;
		};
		8BEA966E2C8EDC9300B413D8 /* Release */ = {
			isa = XCBuildConfiguration;
			buildSettings = {
				ALWAYS_EMBED_SWIFT_STANDARD_LIBRARIES = YES;
				CODE_SIGN_STYLE = Automatic;
				CURRENT_PROJECT_VERSION = 1;
				DEVELOPMENT_TEAM = 469334F7KQ;
				GENERATE_INFOPLIST_FILE = YES;
				MARKETING_VERSION = 1.0;
				PRODUCT_BUNDLE_IDENTIFIER = com.minjoon.HelloIosUITests;
				PRODUCT_NAME = "$(TARGET_NAME)";
				SWIFT_EMIT_LOC_STRINGS = NO;
				SWIFT_VERSION = 5.0;
				TARGETED_DEVICE_FAMILY = "1,2";
				TEST_TARGET_NAME = HelloIos;
			};
			name = Release;
		};
/* End XCBuildConfiguration section */

/* Begin XCConfigurationList section */
		8BEA96372C8EDC9100B413D8 /* Build configuration list for PBXProject "HelloIos" */ = {
			isa = XCConfigurationList;
			buildConfigurations = (
				8BEA96642C8EDC9300B413D8 /* Debug */,
				8BEA96652C8EDC9300B413D8 /* Release */,
			);
			defaultConfigurationIsVisible = 0;
			defaultConfigurationName = Release;
		};
		8BEA96662C8EDC9300B413D8 /* Build configuration list for PBXNativeTarget "HelloIos" */ = {
			isa = XCConfigurationList;
			buildConfigurations = (
				8BEA96672C8EDC9300B413D8 /* Debug */,
				8BEA96682C8EDC9300B413D8 /* Release */,
			);
			defaultConfigurationIsVisible = 0;
			defaultConfigurationName = Release;
		};
		8BEA96692C8EDC9300B413D8 /* Build configuration list for PBXNativeTarget "HelloIosTests" */ = {
			isa = XCConfigurationList;
			buildConfigurations = (
				8BEA966A2C8EDC9300B413D8 /* Debug */,
				8BEA966B2C8EDC9300B413D8 /* Release */,
			);
			defaultConfigurationIsVisible = 0;
			defaultConfigurationName = Release;
		};
		8BEA966C2C8EDC9300B413D8 /* Build configuration list for PBXNativeTarget "HelloIosUITests" */ = {
			isa = XCConfigurationList;
			buildConfigurations = (
				8BEA966D2C8EDC9300B413D8 /* Debug */,
				8BEA966E2C8EDC9300B413D8 /* Release */,
			);
			defaultConfigurationIsVisible = 0;
			defaultConfigurationName = Release;
		};
/* End XCConfigurationList section */
	};
	rootObject = 8BEA96342C8EDC9100B413D8 /* Project object */;
}
